// !$*UTF8*$!
{
	archiveVersion = 1;
	classes = {
	};
	objectVersion = 46;
	objects = {

/* Begin PBXBuildFile section */
		C8F026F51A82026500D9E7CE /* main.m in Sources */ = {isa = PBXBuildFile; fileRef = C8F026F41A82026500D9E7CE /* main.m */; };
		C8F026F81A82026500D9E7CE /* AppDelegate.m in Sources */ = {isa = PBXBuildFile; fileRef = C8F026F71A82026500D9E7CE /* AppDelegate.m */; };
		C8F026FB1A82026500D9E7CE /* ViewController.m in Sources */ = {isa = PBXBuildFile; fileRef = C8F026FA1A82026500D9E7CE /* ViewController.m */; };
		C8F026FE1A82026500D9E7CE /* Main.storyboard in Resources */ = {isa = PBXBuildFile; fileRef = C8F026FC1A82026500D9E7CE /* Main.storyboard */; };
		C8F027001A82026500D9E7CE /* Images.xcassets in Resources */ = {isa = PBXBuildFile; fileRef = C8F026FF1A82026500D9E7CE /* Images.xcassets */; };
		C8F027031A82026500D9E7CE /* LaunchScreen.xib in Resources */ = {isa = PBXBuildFile; fileRef = C8F027011A82026500D9E7CE /* LaunchScreen.xib */; };
		C8F0270F1A82026500D9E7CE /* Rotten_TomatoesTests.m in Sources */ = {isa = PBXBuildFile; fileRef = C8F0270E1A82026500D9E7CE /* Rotten_TomatoesTests.m */; };
/* End PBXBuildFile section */

/* Begin PBXContainerItemProxy section */
		C8F027091A82026500D9E7CE /* PBXContainerItemProxy */ = {
			isa = PBXContainerItemProxy;
			containerPortal = C8F026E71A82026500D9E7CE /* Project object */;
			proxyType = 1;
			remoteGlobalIDString = C8F026EE1A82026500D9E7CE;
			remoteInfo = "Rotten Tomatoes";
		};
/* End PBXContainerItemProxy section */

/* Begin PBXFileReference section */
		C8F026EF1A82026500D9E7CE /* Rotten Tomatoes.app */ = {isa = PBXFileReference; explicitFileType = wrapper.application; includeInIndex = 0; path = "Rotten Tomatoes.app"; sourceTree = BUILT_PRODUCTS_DIR; };
		C8F026F31A82026500D9E7CE /* Info.plist */ = {isa = PBXFileReference; lastKnownFileType = text.plist.xml; path = Info.plist; sourceTree = "<group>"; };
		C8F026F41A82026500D9E7CE /* main.m */ = {isa = PBXFileReference; lastKnownFileType = sourcecode.c.objc; path = main.m; sourceTree = "<group>"; };
		C8F026F61A82026500D9E7CE /* AppDelegate.h */ = {isa = PBXFileReference; lastKnownFileType = sourcecode.c.h; path = AppDelegate.h; sourceTree = "<group>"; };
		C8F026F71A82026500D9E7CE /* AppDelegate.m */ = {isa = PBXFileReference; lastKnownFileType = sourcecode.c.objc; path = AppDelegate.m; sourceTree = "<group>"; };
		C8F026F91A82026500D9E7CE /* ViewController.h */ = {isa = PBXFileReference; lastKnownFileType = sourcecode.c.h; path = ViewController.h; sourceTree = "<group>"; };
		C8F026FA1A82026500D9E7CE /* ViewController.m */ = {isa = PBXFileReference; lastKnownFileType = sourcecode.c.objc; path = ViewController.m; sourceTree = "<group>"; };
		C8F026FD1A82026500D9E7CE /* Base */ = {isa = PBXFileReference; lastKnownFileType = file.storyboard; name = Base; path = Base.lproj/Main.storyboard; sourceTree = "<group>"; };
		C8F026FF1A82026500D9E7CE /* Images.xcassets */ = {isa = PBXFileReference; lastKnownFileType = folder.assetcatalog; path = Images.xcassets; sourceTree = "<group>"; };
		C8F027021A82026500D9E7CE /* Base */ = {isa = PBXFileReference; lastKnownFileType = file.xib; name = Base; path = Base.lproj/LaunchScreen.xib; sourceTree = "<group>"; };
		C8F027081A82026500D9E7CE /* Rotten TomatoesTests.xctest */ = {isa = PBXFileReference; explicitFileType = wrapper.cfbundle; includeInIndex = 0; path = "Rotten TomatoesTests.xctest"; sourceTree = BUILT_PRODUCTS_DIR; };
		C8F0270D1A82026500D9E7CE /* Info.plist */ = {isa = PBXFileReference; lastKnownFileType = text.plist.xml; path = Info.plist; sourceTree = "<group>"; };
		C8F0270E1A82026500D9E7CE /* Rotten_TomatoesTests.m */ = {isa = PBXFileReference; lastKnownFileType = sourcecode.c.objc; path = Rotten_TomatoesTests.m; sourceTree = "<group>"; };
/* End PBXFileReference section */

/* Begin PBXFrameworksBuildPhase section */
		C8F026EC1A82026500D9E7CE /* Frameworks */ = {
			isa = PBXFrameworksBuildPhase;
			buildActionMask = 2147483647;
			files = (
			);
			runOnlyForDeploymentPostprocessing = 0;
		};
		C8F027051A82026500D9E7CE /* Frameworks */ = {
			isa = PBXFrameworksBuildPhase;
			buildActionMask = 2147483647;
			files = (
			);
			runOnlyForDeploymentPostprocessing = 0;
		};
/* End PBXFrameworksBuildPhase section */

/* Begin PBXGroup section */
		C8F026E61A82026500D9E7CE = {
			isa = PBXGroup;
			children = (
				C8F026F11A82026500D9E7CE /* Rotten Tomatoes */,
				C8F0270B1A82026500D9E7CE /* Rotten TomatoesTests */,
				C8F026F01A82026500D9E7CE /* Products */,
			);
			sourceTree = "<group>";
		};
		C8F026F01A82026500D9E7CE /* Products */ = {
			isa = PBXGroup;
			children = (
				C8F026EF1A82026500D9E7CE /* Rotten Tomatoes.app */,
				C8F027081A82026500D9E7CE /* Rotten TomatoesTests.xctest */,
			);
			name = Products;
			sourceTree = "<group>";
		};
		C8F026F11A82026500D9E7CE /* Rotten Tomatoes */ = {
			isa = PBXGroup;
			children = (
				C8F026F61A82026500D9E7CE /* AppDelegate.h */,
				C8F026F71A82026500D9E7CE /* AppDelegate.m */,
				C8F026F91A82026500D9E7CE /* ViewController.h */,
				C8F026FA1A82026500D9E7CE /* ViewController.m */,
				C8F026FC1A82026500D9E7CE /* Main.storyboard */,
				C8F026FF1A82026500D9E7CE /* Images.xcassets */,
				C8F027011A82026500D9E7CE /* LaunchScreen.xib */,
				C8F026F21A82026500D9E7CE /* Supporting Files */,
			);
			path = "Rotten Tomatoes";
			sourceTree = "<group>";
		};
		C8F026F21A82026500D9E7CE /* Supporting Files */ = {
			isa = PBXGroup;
			children = (
				C8F026F31A82026500D9E7CE /* Info.plist */,
				C8F026F41A82026500D9E7CE /* main.m */,
			);
			name = "Supporting Files";
			sourceTree = "<group>";
		};
		C8F0270B1A82026500D9E7CE /* Rotten TomatoesTests */ = {
			isa = PBXGroup;
			children = (
				C8F0270E1A82026500D9E7CE /* Rotten_TomatoesTests.m */,
				C8F0270C1A82026500D9E7CE /* Supporting Files */,
			);
			path = "Rotten TomatoesTests";
			sourceTree = "<group>";
		};
		C8F0270C1A82026500D9E7CE /* Supporting Files */ = {
			isa = PBXGroup;
			children = (
				C8F0270D1A82026500D9E7CE /* Info.plist */,
			);
			name = "Supporting Files";
			sourceTree = "<group>";
		};
/* End PBXGroup section */

/* Begin PBXNativeTarget section */
		C8F026EE1A82026500D9E7CE /* Rotten Tomatoes */ = {
			isa = PBXNativeTarget;
			buildConfigurationList = C8F027121A82026500D9E7CE /* Build configuration list for PBXNativeTarget "Rotten Tomatoes" */;
			buildPhases = (
				C8F026EB1A82026500D9E7CE /* Sources */,
				C8F026EC1A82026500D9E7CE /* Frameworks */,
				C8F026ED1A82026500D9E7CE /* Resources */,
			);
			buildRules = (
			);
			dependencies = (
			);
			name = "Rotten Tomatoes";
			productName = "Rotten Tomatoes";
			productReference = C8F026EF1A82026500D9E7CE /* Rotten Tomatoes.app */;
			productType = "com.apple.product-type.application";
		};
		C8F027071A82026500D9E7CE /* Rotten TomatoesTests */ = {
			isa = PBXNativeTarget;
			buildConfigurationList = C8F027151A82026500D9E7CE /* Build configuration list for PBXNativeTarget "Rotten TomatoesTests" */;
			buildPhases = (
				C8F027041A82026500D9E7CE /* Sources */,
				C8F027051A82026500D9E7CE /* Frameworks */,
				C8F027061A82026500D9E7CE /* Resources */,
			);
			buildRules = (
			);
			dependencies = (
				C8F0270A1A82026500D9E7CE /* PBXTargetDependency */,
			);
			name = "Rotten TomatoesTests";
			productName = "Rotten TomatoesTests";
			productReference = C8F027081A82026500D9E7CE /* Rotten TomatoesTests.xctest */;
			productType = "com.apple.product-type.bundle.unit-test";
		};
/* End PBXNativeTarget section */

/* Begin PBXProject section */
		C8F026E71A82026500D9E7CE /* Project object */ = {
			isa = PBXProject;
			attributes = {
				LastUpgradeCheck = 0610;
				ORGANIZATIONNAME = "Kittipat Virochsiri";
				TargetAttributes = {
					C8F026EE1A82026500D9E7CE = {
						CreatedOnToolsVersion = 6.1.1;
					};
					C8F027071A82026500D9E7CE = {
						CreatedOnToolsVersion = 6.1.1;
						TestTargetID = C8F026EE1A82026500D9E7CE;
					};
				};
			};
			buildConfigurationList = C8F026EA1A82026500D9E7CE /* Build configuration list for PBXProject "Rotten Tomatoes" */;
			compatibilityVersion = "Xcode 3.2";
			developmentRegion = English;
			hasScannedForEncodings = 0;
			knownRegions = (
				en,
				Base,
			);
			mainGroup = C8F026E61A82026500D9E7CE;
			productRefGroup = C8F026F01A82026500D9E7CE /* Products */;
			projectDirPath = "";
			projectRoot = "";
			targets = (
				C8F026EE1A82026500D9E7CE /* Rotten Tomatoes */,
				C8F027071A82026500D9E7CE /* Rotten TomatoesTests */,
			);
		};
/* End PBXProject section */

/* Begin PBXResourcesBuildPhase section */
		C8F026ED1A82026500D9E7CE /* Resources */ = {
			isa = PBXResourcesBuildPhase;
			buildActionMask = 2147483647;
			files = (
				C8F026FE1A82026500D9E7CE /* Main.storyboard in Resources */,
				C8F027031A82026500D9E7CE /* LaunchScreen.xib in Resources */,
				C8F027001A82026500D9E7CE /* Images.xcassets in Resources */,
			);
			runOnlyForDeploymentPostprocessing = 0;
		};
		C8F027061A82026500D9E7CE /* Resources */ = {
			isa = PBXResourcesBuildPhase;
			buildActionMask = 2147483647;
			files = (
			);
			runOnlyForDeploymentPostprocessing = 0;
		};
/* End PBXResourcesBuildPhase section */

/* Begin PBXSourcesBuildPhase section */
		C8F026EB1A82026500D9E7CE /* Sources */ = {
			isa = PBXSourcesBuildPhase;
			buildActionMask = 2147483647;
			files = (
				C8F026FB1A82026500D9E7CE /* ViewController.m in Sources */,
				C8F026F81A82026500D9E7CE /* AppDelegate.m in Sources */,
				C8F026F51A82026500D9E7CE /* main.m in Sources */,
			);
			runOnlyForDeploymentPostprocessing = 0;
		};
		C8F027041A82026500D9E7CE /* Sources */ = {
			isa = PBXSourcesBuildPhase;
			buildActionMask = 2147483647;
			files = (
				C8F0270F1A82026500D9E7CE /* Rotten_TomatoesTests.m in Sources */,
			);
			runOnlyForDeploymentPostprocessing = 0;
		};
/* End PBXSourcesBuildPhase section */

/* Begin PBXTargetDependency section */
		C8F0270A1A82026500D9E7CE /* PBXTargetDependency */ = {
			isa = PBXTargetDependency;
			target = C8F026EE1A82026500D9E7CE /* Rotten Tomatoes */;
			targetProxy = C8F027091A82026500D9E7CE /* PBXContainerItemProxy */;
		};
/* End PBXTargetDependency section */

/* Begin PBXVariantGroup section */
		C8F026FC1A82026500D9E7CE /* Main.storyboard */ = {
			isa = PBXVariantGroup;
			children = (
				C8F026FD1A82026500D9E7CE /* Base */,
			);
			name = Main.storyboard;
			sourceTree = "<group>";
		};
		C8F027011A82026500D9E7CE /* LaunchScreen.xib */ = {
			isa = PBXVariantGroup;
			children = (
				C8F027021A82026500D9E7CE /* Base */,
			);
			name = LaunchScreen.xib;
			sourceTree = "<group>";
		};
/* End PBXVariantGroup section */

/* Begin XCBuildConfiguration section */
		C8F027101A82026500D9E7CE /* Debug */ = {
			isa = XCBuildConfiguration;
			buildSettings = {
				ALWAYS_SEARCH_USER_PATHS = NO;
				CLANG_CXX_LANGUAGE_STANDARD = "gnu++0x";
				CLANG_CXX_LIBRARY = "libc++";
				CLANG_ENABLE_MODULES = YES;
				CLANG_ENABLE_OBJC_ARC = YES;
				CLANG_WARN_BOOL_CONVERSION = YES;
				CLANG_WARN_CONSTANT_CONVERSION = YES;
				CLANG_WARN_DIRECT_OBJC_ISA_USAGE = YES_ERROR;
				CLANG_WARN_EMPTY_BODY = YES;
				CLANG_WARN_ENUM_CONVERSION = YES;
				CLANG_WARN_INT_CONVERSION = YES;
				CLANG_WARN_OBJC_ROOT_CLASS = YES_ERROR;
				CLANG_WARN_UNREACHABLE_CODE = YES;
				CLANG_WARN__DUPLICATE_METHOD_MATCH = YES;
				"CODE_SIGN_IDENTITY[sdk=iphoneos*]" = "iPhone Developer";
				COPY_PHASE_STRIP = NO;
				ENABLE_STRICT_OBJC_MSGSEND = YES;
				GCC_C_LANGUAGE_STANDARD = gnu99;
				GCC_DYNAMIC_NO_PIC = NO;
				GCC_OPTIMIZATION_LEVEL = 0;
				GCC_PREPROCESSOR_DEFINITIONS = (
					"DEBUG=1",
					"$(inherited)",
				);
				GCC_SYMBOLS_PRIVATE_EXTERN = NO;
				GCC_WARN_64_TO_32_BIT_CONVERSION = YES;
				GCC_WARN_ABOUT_RETURN_TYPE = YES_ERROR;
				GCC_WARN_UNDECLARED_SELECTOR = YES;
				GCC_WARN_UNINITIALIZED_AUTOS = YES_AGGRESSIVE;
				GCC_WARN_UNUSED_FUNCTION = YES;
				GCC_WARN_UNUSED_VARIABLE = YES;
				IPHONEOS_DEPLOYMENT_TARGET = 8.1;
				MTL_ENABLE_DEBUG_INFO = YES;
				ONLY_ACTIVE_ARCH = YES;
				SDKROOT = iphoneos;
			};
			name = Debug;
		};
		C8F027111A82026500D9E7CE /* Release */ = {
			isa = XCBuildConfiguration;
			buildSettings = {
				ALWAYS_SEARCH_USER_PATHS = NO;
				CLANG_CXX_LANGUAGE_STANDARD = "gnu++0x";
				CLANG_CXX_LIBRARY = "libc++";
				CLANG_ENABLE_MODULES = YES;
				CLANG_ENABLE_OBJC_ARC = YES;
				CLANG_WARN_BOOL_CONVERSION = YES;
				CLANG_WARN_CONSTANT_CONVERSION = YES;
				CLANG_WARN_DIRECT_OBJC_ISA_USAGE = YES_ERROR;
				CLANG_WARN_EMPTY_BODY = YES;
				CLANG_WARN_ENUM_CONVERSION = YES;
				CLANG_WARN_INT_CONVERSION = YES;
				CLANG_WARN_OBJC_ROOT_CLASS = YES_ERROR;
				CLANG_WARN_UNREACHABLE_CODE = YES;
				CLANG_WARN__DUPLICATE_METHOD_MATCH = YES;
				"CODE_SIGN_IDENTITY[sdk=iphoneos*]" = "iPhone Developer";
				COPY_PHASE_STRIP = YES;
				ENABLE_NS_ASSERTIONS = NO;
				ENABLE_STRICT_OBJC_MSGSEND = YES;
				GCC_C_LANGUAGE_STANDARD = gnu99;
				GCC_WARN_64_TO_32_BIT_CONVERSION = YES;
				GCC_WARN_ABOUT_RETURN_TYPE = YES_ERROR;
				GCC_WARN_UNDECLARED_SELECTOR = YES;
				GCC_WARN_UNINITIALIZED_AUTOS = YES_AGGRESSIVE;
				GCC_WARN_UNUSED_FUNCTION = YES;
				GCC_WARN_UNUSED_VARIABLE = YES;
				IPHONEOS_DEPLOYMENT_TARGET = 8.1;
				MTL_ENABLE_DEBUG_INFO = NO;
				SDKROOT = iphoneos;
				VALIDATE_PRODUCT = YES;
			};
			name = Release;
		};
		C8F027131A82026500D9E7CE /* Debug */ = {
			isa = XCBuildConfiguration;
			buildSettings = {
				ASSETCATALOG_COMPILER_APPICON_NAME = AppIcon;
				INFOPLIST_FILE = "Rotten Tomatoes/Info.plist";
				LD_RUNPATH_SEARCH_PATHS = "$(inherited) @executable_path/Frameworks";
				PRODUCT_NAME = "$(TARGET_NAME)";
			};
			name = Debug;
		};
		C8F027141A82026500D9E7CE /* Release */ = {
			isa = XCBuildConfiguration;
			buildSettings = {
				ASSETCATALOG_COMPILER_APPICON_NAME = AppIcon;
				INFOPLIST_FILE = "Rotten Tomatoes/Info.plist";
				LD_RUNPATH_SEARCH_PATHS = "$(inherited) @executable_path/Frameworks";
				PRODUCT_NAME = "$(TARGET_NAME)";
			};
			name = Release;
		};
		C8F027161A82026500D9E7CE /* Debug */ = {
			isa = XCBuildConfiguration;
			buildSettings = {
				BUNDLE_LOADER = "$(TEST_HOST)";
				FRAMEWORK_SEARCH_PATHS = (
					"$(SDKROOT)/Developer/Library/Frameworks",
					"$(inherited)",
				);
				GCC_PREPROCESSOR_DEFINITIONS = (
					"DEBUG=1",
					"$(inherited)",
				);
				INFOPLIST_FILE = "Rotten TomatoesTests/Info.plist";
				LD_RUNPATH_SEARCH_PATHS = "$(inherited) @executable_path/Frameworks @loader_path/Frameworks";
				PRODUCT_NAME = "$(TARGET_NAME)";
				TEST_HOST = "$(BUILT_PRODUCTS_DIR)/Rotten Tomatoes.app/Rotten Tomatoes";
			};
			name = Debug;
		};
		C8F027171A82026500D9E7CE /* Release */ = {
			isa = XCBuildConfiguration;
			buildSettings = {
				BUNDLE_LOADER = "$(TEST_HOST)";
				FRAMEWORK_SEARCH_PATHS = (
					"$(SDKROOT)/Developer/Library/Frameworks",
					"$(inherited)",
				);
				INFOPLIST_FILE = "Rotten TomatoesTests/Info.plist";
				LD_RUNPATH_SEARCH_PATHS = "$(inherited) @executable_path/Frameworks @loader_path/Frameworks";
				PRODUCT_NAME = "$(TARGET_NAME)";
				TEST_HOST = "$(BUILT_PRODUCTS_DIR)/Rotten Tomatoes.app/Rotten Tomatoes";
			};
			name = Release;
		};
/* End XCBuildConfiguration section */

/* Begin XCConfigurationList section */
		C8F026EA1A82026500D9E7CE /* Build configuration list for PBXProject "Rotten Tomatoes" */ = {
			isa = XCConfigurationList;
			buildConfigurations = (
				C8F027101A82026500D9E7CE /* Debug */,
				C8F027111A82026500D9E7CE /* Release */,
			);
			defaultConfigurationIsVisible = 0;
			defaultConfigurationName = Release;
		};
		C8F027121A82026500D9E7CE /* Build configuration list for PBXNativeTarget "Rotten Tomatoes" */ = {
			isa = XCConfigurationList;
			buildConfigurations = (
				C8F027131A82026500D9E7CE /* Debug */,
				C8F027141A82026500D9E7CE /* Release */,
			);
			defaultConfigurationIsVisible = 0;
		};
		C8F027151A82026500D9E7CE /* Build configuration list for PBXNativeTarget "Rotten TomatoesTests" */ = {
			isa = XCConfigurationList;
			buildConfigurations = (
				C8F027161A82026500D9E7CE /* Debug */,
				C8F027171A82026500D9E7CE /* Release */,
			);
			defaultConfigurationIsVisible = 0;
		};
/* End XCConfigurationList section */
	};
	rootObject = C8F026E71A82026500D9E7CE /* Project object */;
}
